version: 5
environments:
  default:
    channels:
    - url: https://conda.anaconda.org/conda-forge/
    - url: https://conda.modular.com/max/
    packages:
      osx-arm64:
      - conda: https://conda.anaconda.org/conda-forge/noarch/appnope-0.1.4-pyhd8ed1ab_0.conda
      - conda: https://conda.anaconda.org/conda-forge/noarch/asttokens-2.4.1-pyhd8ed1ab_0.conda
      - conda: https://conda.anaconda.org/conda-forge/osx-arm64/bzip2-1.0.8-h99b78c6_7.conda
      - conda: https://conda.anaconda.org/conda-forge/osx-arm64/ca-certificates-2024.8.30-hf0a4a13_0.conda
      - conda: https://conda.anaconda.org/conda-forge/noarch/click-8.1.7-unix_pyh707e725_0.conda
      - conda: https://conda.anaconda.org/conda-forge/noarch/comm-0.2.2-pyhd8ed1ab_0.conda
      - conda: https://conda.anaconda.org/conda-forge/osx-arm64/debugpy-1.8.7-py312hde4cb15_0.conda
      - conda: https://conda.anaconda.org/conda-forge/noarch/decorator-5.1.1-pyhd8ed1ab_0.tar.bz2
      - conda: https://conda.anaconda.org/conda-forge/noarch/exceptiongroup-1.2.2-pyhd8ed1ab_0.conda
      - conda: https://conda.anaconda.org/conda-forge/noarch/executing-2.1.0-pyhd8ed1ab_0.conda
      - conda: https://conda.anaconda.org/conda-forge/noarch/importlib-metadata-8.5.0-pyha770c72_0.conda
      - conda: https://conda.anaconda.org/conda-forge/noarch/ipykernel-6.29.5-pyh57ce528_0.conda
      - conda: https://conda.anaconda.org/conda-forge/noarch/ipython-8.28.0-pyh707e725_0.conda
      - conda: https://conda.anaconda.org/conda-forge/noarch/jedi-0.19.1-pyhd8ed1ab_0.conda
      - conda: https://conda.anaconda.org/conda-forge/noarch/jupyter_client-8.6.3-pyhd8ed1ab_0.conda
      - conda: https://conda.anaconda.org/conda-forge/noarch/jupyter_core-5.7.2-pyh31011fe_1.conda
      - conda: https://conda.anaconda.org/conda-forge/osx-arm64/krb5-1.21.3-h237132a_0.conda
      - conda: https://conda.anaconda.org/conda-forge/osx-arm64/libblas-3.9.0-24_osxarm64_openblas.conda
      - conda: https://conda.anaconda.org/conda-forge/osx-arm64/libcblas-3.9.0-24_osxarm64_openblas.conda
      - conda: https://conda.anaconda.org/conda-forge/osx-arm64/libcxx-19.1.1-ha82da77_0.conda
      - conda: https://conda.anaconda.org/conda-forge/osx-arm64/libedit-3.1.20191231-hc8eb9b7_2.tar.bz2
      - conda: https://conda.anaconda.org/conda-forge/osx-arm64/libexpat-2.6.3-hf9b8971_0.conda
      - conda: https://conda.anaconda.org/conda-forge/osx-arm64/libffi-3.4.2-h3422bc3_5.tar.bz2
      - conda: https://conda.anaconda.org/conda-forge/osx-arm64/libgfortran-5.0.0-13_2_0_hd922786_3.conda
      - conda: https://conda.anaconda.org/conda-forge/osx-arm64/libgfortran5-13.2.0-hf226fd6_3.conda
      - conda: https://conda.anaconda.org/conda-forge/osx-arm64/liblapack-3.9.0-24_osxarm64_openblas.conda
      - conda: https://conda.anaconda.org/conda-forge/osx-arm64/libopenblas-0.3.27-openmp_h517c56d_1.conda
      - conda: https://conda.anaconda.org/conda-forge/osx-arm64/libsodium-1.0.20-h99b78c6_0.conda
      - conda: https://conda.anaconda.org/conda-forge/osx-arm64/libsqlite-3.46.1-hc14010f_0.conda
      - conda: https://conda.anaconda.org/conda-forge/osx-arm64/libzlib-1.3.1-h8359307_2.conda
      - conda: https://conda.anaconda.org/conda-forge/osx-arm64/llvm-openmp-19.1.1-hb52a8e5_1.conda
      - conda: https://conda.anaconda.org/conda-forge/noarch/matplotlib-inline-0.1.7-pyhd8ed1ab_0.conda
      - conda: https://conda.modular.com/max/noarch/max-24.5.0-release.conda
      - conda: https://conda.modular.com/max/osx-arm64/max-core-24.5.0-release.conda
      - conda: https://conda.modular.com/max/osx-arm64/max-python-24.5.0-3.12release.conda
      - conda: https://conda.modular.com/max/noarch/mblack-24.5.0-release.conda
      - conda: https://conda.modular.com/max/noarch/mojo-jupyter-24.5.0-release.conda
      - conda: https://conda.anaconda.org/conda-forge/noarch/mypy_extensions-1.0.0-pyha770c72_0.conda
      - conda: https://conda.anaconda.org/conda-forge/osx-arm64/ncurses-6.5-h7bae524_1.conda
      - conda: https://conda.anaconda.org/conda-forge/noarch/nest-asyncio-1.6.0-pyhd8ed1ab_0.conda
      - conda: https://conda.anaconda.org/conda-forge/osx-arm64/numpy-1.26.4-py312h8442bc7_0.conda
      - conda: https://conda.anaconda.org/conda-forge/osx-arm64/openssl-3.3.2-h8359307_0.conda
      - conda: https://conda.anaconda.org/conda-forge/noarch/packaging-24.1-pyhd8ed1ab_0.conda
      - conda: https://conda.anaconda.org/conda-forge/noarch/parso-0.8.4-pyhd8ed1ab_0.conda
      - conda: https://conda.anaconda.org/conda-forge/noarch/pathspec-0.12.1-pyhd8ed1ab_0.conda
      - conda: https://conda.anaconda.org/conda-forge/noarch/pexpect-4.9.0-pyhd8ed1ab_0.conda
      - conda: https://conda.anaconda.org/conda-forge/noarch/pickleshare-0.7.5-py_1003.tar.bz2
      - conda: https://conda.anaconda.org/conda-forge/noarch/platformdirs-4.3.6-pyhd8ed1ab_0.conda
      - conda: https://conda.anaconda.org/conda-forge/noarch/prompt-toolkit-3.0.48-pyha770c72_0.conda
      - conda: https://conda.anaconda.org/conda-forge/osx-arm64/psutil-6.0.0-py312h0bf5046_2.conda
      - conda: https://conda.anaconda.org/conda-forge/noarch/ptyprocess-0.7.0-pyhd3deb0d_0.tar.bz2
      - conda: https://conda.anaconda.org/conda-forge/noarch/pure_eval-0.2.3-pyhd8ed1ab_0.conda
      - conda: https://conda.anaconda.org/conda-forge/noarch/pygments-2.18.0-pyhd8ed1ab_0.conda
      - conda: https://conda.anaconda.org/conda-forge/osx-arm64/python-3.12.7-h739c21a_0_cpython.conda
      - conda: https://conda.anaconda.org/conda-forge/noarch/python-dateutil-2.9.0-pyhd8ed1ab_0.conda
      - conda: https://conda.anaconda.org/conda-forge/osx-arm64/python_abi-3.12-5_cp312.conda
      - conda: https://conda.anaconda.org/conda-forge/osx-arm64/pyzmq-26.2.0-py312hf8a1cbd_3.conda
      - conda: https://conda.anaconda.org/conda-forge/osx-arm64/rapidfuzz-3.10.0-py312hde4cb15_0.conda
      - conda: https://conda.anaconda.org/conda-forge/osx-arm64/readline-8.2-h92ec313_1.conda
      - conda: https://conda.anaconda.org/conda-forge/noarch/six-1.16.0-pyh6c4a22f_0.tar.bz2
      - conda: https://conda.anaconda.org/conda-forge/noarch/stack_data-0.6.2-pyhd8ed1ab_0.conda
      - conda: https://conda.anaconda.org/conda-forge/osx-arm64/tk-8.6.13-h5083fa2_1.conda
      - conda: https://conda.anaconda.org/conda-forge/osx-arm64/tornado-6.4.1-py312h024a12e_1.conda
      - conda: https://conda.anaconda.org/conda-forge/noarch/traitlets-5.14.3-pyhd8ed1ab_0.conda
      - conda: https://conda.anaconda.org/conda-forge/noarch/typing_extensions-4.12.2-pyha770c72_0.conda
      - conda: https://conda.anaconda.org/conda-forge/noarch/tzdata-2024b-hc8b5060_0.conda
      - conda: https://conda.anaconda.org/conda-forge/noarch/wcwidth-0.2.13-pyhd8ed1ab_0.conda
      - conda: https://conda.anaconda.org/conda-forge/osx-arm64/xz-5.2.6-h57fd34a_0.tar.bz2
      - conda: https://conda.anaconda.org/conda-forge/osx-arm64/zeromq-4.3.5-h9f5b81c_6.conda
      - conda: https://conda.anaconda.org/conda-forge/noarch/zipp-3.20.2-pyhd8ed1ab_0.conda
packages:
- kind: conda
  name: appnope
  version: 0.1.4
  build: pyhd8ed1ab_0
  subdir: noarch
  noarch: python
  url: https://conda.anaconda.org/conda-forge/noarch/appnope-0.1.4-pyhd8ed1ab_0.conda
  sha256: 45ae2d41f4a4dcf8707633d3d7ae376fc62f0c09b1d063c3049c3f6f8c911670
  md5: cc4834a9ee7cc49ce8d25177c47b10d8
  depends:
  - python >=3.7
  license: BSD-2-Clause
  license_family: BSD
  size: 10241
  timestamp: 1707233195627
- kind: conda
  name: asttokens
  version: 2.4.1
  build: pyhd8ed1ab_0
  subdir: noarch
  noarch: python
  url: https://conda.anaconda.org/conda-forge/noarch/asttokens-2.4.1-pyhd8ed1ab_0.conda
  sha256: 708168f026df19a0344983754d27d1f7b28bb21afc7b97a82f02c4798a3d2111
  md5: 5f25798dcefd8252ce5f9dc494d5f571
  depends:
  - python >=3.5
  - six >=1.12.0
  license: Apache-2.0
  license_family: Apache
  size: 28922
  timestamp: 1698341257884
- kind: conda
  name: bzip2
  version: 1.0.8
  build: h99b78c6_7
  build_number: 7
  subdir: osx-arm64
  url: https://conda.anaconda.org/conda-forge/osx-arm64/bzip2-1.0.8-h99b78c6_7.conda
  sha256: adfa71f158cbd872a36394c56c3568e6034aa55c623634b37a4836bd036e6b91
  md5: fc6948412dbbbe9a4c9ddbbcfe0a79ab
  depends:
  - __osx >=11.0
  license: bzip2-1.0.6
  license_family: BSD
  size: 122909
  timestamp: 1720974522888
- kind: conda
  name: ca-certificates
  version: 2024.8.30
  build: hf0a4a13_0
  subdir: osx-arm64
  url: https://conda.anaconda.org/conda-forge/osx-arm64/ca-certificates-2024.8.30-hf0a4a13_0.conda
  sha256: 2db1733f4b644575dbbdd7994a8f338e6ef937f5ebdb74acd557e9dda0211709
  md5: 40dec13fd8348dbe303e57be74bd3d35
  license: ISC
  size: 158482
  timestamp: 1725019034582
- kind: conda
  name: click
  version: 8.1.7
  build: unix_pyh707e725_0
  subdir: noarch
  noarch: python
  url: https://conda.anaconda.org/conda-forge/noarch/click-8.1.7-unix_pyh707e725_0.conda
  sha256: f0016cbab6ac4138a429e28dbcb904a90305b34b3fe41a9b89d697c90401caec
  md5: f3ad426304898027fc619827ff428eca
  depends:
  - __unix
  - python >=3.8
  license: BSD-3-Clause
  license_family: BSD
  size: 84437
  timestamp: 1692311973840
- kind: conda
  name: comm
  version: 0.2.2
  build: pyhd8ed1ab_0
  subdir: noarch
  noarch: python
  url: https://conda.anaconda.org/conda-forge/noarch/comm-0.2.2-pyhd8ed1ab_0.conda
  sha256: e923acf02708a8a0b591f3bce4bdc11c8e63b73198b99b35fe6cd96bfb6a0dbe
  md5: 948d84721b578d426294e17a02e24cbb
  depends:
  - python >=3.6
  - traitlets >=5.3
  license: BSD-3-Clause
  license_family: BSD
  size: 12134
  timestamp: 1710320435158
- kind: conda
  name: debugpy
  version: 1.8.7
  build: py312hde4cb15_0
  subdir: osx-arm64
  url: https://conda.anaconda.org/conda-forge/osx-arm64/debugpy-1.8.7-py312hde4cb15_0.conda
  sha256: 65f015c6c2a2c5f52f91cfb1622f9e82499e9d7f3c4ccb4fa255b16ae575c9a2
  md5: 1985200ccb082e68d47b4fdd0bacfe97
  depends:
  - __osx >=11.0
  - libcxx >=17
  - python >=3.12,<3.13.0a0
  - python >=3.12,<3.13.0a0 *_cpython
  - python_abi 3.12.* *_cp312
  license: MIT
  license_family: MIT
  size: 2555984
  timestamp: 1728594350396
- kind: conda
  name: decorator
  version: 5.1.1
  build: pyhd8ed1ab_0
  subdir: noarch
  noarch: python
  url: https://conda.anaconda.org/conda-forge/noarch/decorator-5.1.1-pyhd8ed1ab_0.tar.bz2
  sha256: 328a6a379f9bdfd0230e51de291ce858e6479411ea4b0545fb377c71662ef3e2
  md5: 43afe5ab04e35e17ba28649471dd7364
  depends:
  - python >=3.5
  license: BSD-2-Clause
  license_family: BSD
  size: 12072
  timestamp: 1641555714315
- kind: conda
  name: exceptiongroup
  version: 1.2.2
  build: pyhd8ed1ab_0
  subdir: noarch
  noarch: python
  url: https://conda.anaconda.org/conda-forge/noarch/exceptiongroup-1.2.2-pyhd8ed1ab_0.conda
  sha256: e0edd30c4b7144406bb4da975e6bb97d6bc9c0e999aa4efe66ae108cada5d5b5
  md5: d02ae936e42063ca46af6cdad2dbd1e0
  depends:
  - python >=3.7
  license: MIT and PSF-2.0
  size: 20418
  timestamp: 1720869435725
- kind: conda
  name: executing
  version: 2.1.0
  build: pyhd8ed1ab_0
  subdir: noarch
  noarch: python
  url: https://conda.anaconda.org/conda-forge/noarch/executing-2.1.0-pyhd8ed1ab_0.conda
  sha256: a52d7516e2e11d3eb10908e10d3eb3f8ef267fea99ed9b09d52d96c4db3441b8
  md5: d0441db20c827c11721889a241df1220
  depends:
  - python >=2.7
  license: MIT
  license_family: MIT
  size: 28337
  timestamp: 1725214501850
- kind: conda
  name: importlib-metadata
  version: 8.5.0
  build: pyha770c72_0
  subdir: noarch
  noarch: python
  url: https://conda.anaconda.org/conda-forge/noarch/importlib-metadata-8.5.0-pyha770c72_0.conda
  sha256: 7194700ce1a5ad2621fd68e894dd8c1ceaff9a38723e6e0e5298fdef13017b1c
  md5: 54198435fce4d64d8a89af22573012a8
  depends:
  - python >=3.8
  - zipp >=0.5
  license: Apache-2.0
  license_family: APACHE
  size: 28646
  timestamp: 1726082927916
- kind: conda
  name: ipykernel
  version: 6.29.5
  build: pyh57ce528_0
  subdir: noarch
  noarch: python
  url: https://conda.anaconda.org/conda-forge/noarch/ipykernel-6.29.5-pyh57ce528_0.conda
  sha256: 072534d4d379225b2c3a4e38bc7730b65ae171ac7f0c2d401141043336e97980
  md5: 9eb15d654daa0ef5a98802f586bb4ffc
  depends:
  - __osx
  - appnope
  - comm >=0.1.1
  - debugpy >=1.6.5
  - ipython >=7.23.1
  - jupyter_client >=6.1.12
  - jupyter_core >=4.12,!=5.0.*
  - matplotlib-inline >=0.1
  - nest-asyncio
  - packaging
  - psutil
  - python >=3.8
  - pyzmq >=24
  - tornado >=6.1
  - traitlets >=5.4.0
  license: BSD-3-Clause
  license_family: BSD
  size: 119568
  timestamp: 1719845667420
- kind: conda
  name: ipython
  version: 8.28.0
  build: pyh707e725_0
  subdir: noarch
  noarch: python
  url: https://conda.anaconda.org/conda-forge/noarch/ipython-8.28.0-pyh707e725_0.conda
  sha256: b18adc659d43fc8eef026312a74cd39944ffe9d8decee71ec60a1974fb8ec86c
  md5: 7142a7dff2a47e40b55d304decadd78a
  depends:
  - __unix
  - decorator
  - exceptiongroup
  - jedi >=0.16
  - matplotlib-inline
  - pexpect >4.3
  - pickleshare
  - prompt-toolkit >=3.0.41,<3.1.0
  - pygments >=2.4.0
  - python >=3.10
  - stack_data
  - traitlets >=5.13.0
  - typing_extensions >=4.6
  license: BSD-3-Clause
  license_family: BSD
  size: 600094
  timestamp: 1727944801855
- kind: conda
  name: jedi
  version: 0.19.1
  build: pyhd8ed1ab_0
  subdir: noarch
  noarch: python
  url: https://conda.anaconda.org/conda-forge/noarch/jedi-0.19.1-pyhd8ed1ab_0.conda
  sha256: 362f0936ef37dfd1eaa860190e42a6ebf8faa094eaa3be6aa4d9ace95f40047a
  md5: 81a3be0b2023e1ea8555781f0ad904a2
  depends:
  - parso >=0.8.3,<0.9.0
  - python >=3.6
  license: MIT
  license_family: MIT
  size: 841312
  timestamp: 1696326218364
- kind: conda
  name: jupyter_client
  version: 8.6.3
  build: pyhd8ed1ab_0
  subdir: noarch
  noarch: python
  url: https://conda.anaconda.org/conda-forge/noarch/jupyter_client-8.6.3-pyhd8ed1ab_0.conda
  sha256: 4419c85e209a715f551a5c9bead746f29ee9d0fc41e772a76db3868622795671
  md5: a14218cfb29662b4a19ceb04e93e298e
  depends:
  - importlib-metadata >=4.8.3
  - jupyter_core >=4.12,!=5.0.*
  - python >=3.8
  - python-dateutil >=2.8.2
  - pyzmq >=23.0
  - tornado >=6.2
  - traitlets >=5.3
  license: BSD-3-Clause
  license_family: BSD
  size: 106055
  timestamp: 1726610805505
- kind: conda
  name: jupyter_core
  version: 5.7.2
  build: pyh31011fe_1
  build_number: 1
  subdir: noarch
  noarch: python
  url: https://conda.anaconda.org/conda-forge/noarch/jupyter_core-5.7.2-pyh31011fe_1.conda
  sha256: 732b1e8536bc22a5a174baa79842d79db2f4956d90293dd82dc1b3f6099bcccd
  md5: 0a2980dada0dd7fd0998f0342308b1b1
  depends:
  - __unix
  - platformdirs >=2.5
  - python >=3.8
  - traitlets >=5.3
  license: BSD-3-Clause
  license_family: BSD
  size: 57671
  timestamp: 1727163547058
- kind: conda
  name: krb5
  version: 1.21.3
  build: h237132a_0
  subdir: osx-arm64
  url: https://conda.anaconda.org/conda-forge/osx-arm64/krb5-1.21.3-h237132a_0.conda
  sha256: 4442f957c3c77d69d9da3521268cad5d54c9033f1a73f99cde0a3658937b159b
  md5: c6dc8a0fdec13a0565936655c33069a1
  depends:
  - __osx >=11.0
  - libcxx >=16
  - libedit >=3.1.20191231,<3.2.0a0
  - libedit >=3.1.20191231,<4.0a0
  - openssl >=3.3.1,<4.0a0
  license: MIT
  license_family: MIT
  size: 1155530
  timestamp: 1719463474401
- kind: conda
  name: libblas
  version: 3.9.0
  build: 24_osxarm64_openblas
  build_number: 24
  subdir: osx-arm64
  url: https://conda.anaconda.org/conda-forge/osx-arm64/libblas-3.9.0-24_osxarm64_openblas.conda
  sha256: 4739f7463efb12e6d71536d8b0285a8de5aaadcc442bfedb9d92d1b4cbc47847
  md5: 35cb711e7bc46ee5f3dd67af99ad1986
  depends:
  - libopenblas >=0.3.27,<0.3.28.0a0
  - libopenblas >=0.3.27,<1.0a0
  constrains:
  - liblapack 3.9.0 24_osxarm64_openblas
  - blas * openblas
  - liblapacke 3.9.0 24_osxarm64_openblas
  - libcblas 3.9.0 24_osxarm64_openblas
  license: BSD-3-Clause
  license_family: BSD
  size: 15144
  timestamp: 1726668802976
- kind: conda
  name: libcblas
  version: 3.9.0
  build: 24_osxarm64_openblas
  build_number: 24
  subdir: osx-arm64
  url: https://conda.anaconda.org/conda-forge/osx-arm64/libcblas-3.9.0-24_osxarm64_openblas.conda
  sha256: 40dc3f7c44af5cd5a2020386cb30f92943a9d8f7f54321b4d6ae32b2e54af9a4
  md5: c8977086a19233153e454bb2b332a920
  depends:
  - libblas 3.9.0 24_osxarm64_openblas
  constrains:
  - liblapack 3.9.0 24_osxarm64_openblas
  - blas * openblas
  - liblapacke 3.9.0 24_osxarm64_openblas
  license: BSD-3-Clause
  license_family: BSD
  size: 15062
  timestamp: 1726668809379
- kind: conda
  name: libcxx
  version: 19.1.1
  build: ha82da77_0
  subdir: osx-arm64
  url: https://conda.anaconda.org/conda-forge/osx-arm64/libcxx-19.1.1-ha82da77_0.conda
  sha256: bc2f7cca206fa8a1dfe801c90362a1b6ec2967a75ef60d26e7c7114884c120c0
  md5: 4ed0a90fd6a5bdda4ecf98912329993f
  depends:
  - __osx >=11.0
  license: Apache-2.0 WITH LLVM-exception
  license_family: Apache
  size: 522850
  timestamp: 1727862893739
- kind: conda
  name: libedit
  version: 3.1.20191231
  build: hc8eb9b7_2
  build_number: 2
  subdir: osx-arm64
  url: https://conda.anaconda.org/conda-forge/osx-arm64/libedit-3.1.20191231-hc8eb9b7_2.tar.bz2
  sha256: 3912636197933ecfe4692634119e8644904b41a58f30cad9d1fc02f6ba4d9fca
  md5: 30e4362988a2623e9eb34337b83e01f9
  depends:
  - ncurses >=6.2,<7.0.0a0
  license: BSD-2-Clause
  license_family: BSD
  size: 96607
  timestamp: 1597616630749
- kind: conda
  name: libexpat
  version: 2.6.3
  build: hf9b8971_0
  subdir: osx-arm64
  url: https://conda.anaconda.org/conda-forge/osx-arm64/libexpat-2.6.3-hf9b8971_0.conda
  sha256: 5cbe5a199fba14ade55457a468ce663aac0b54832c39aa54470b3889b4c75c4a
  md5: 5f22f07c2ab2dea8c66fe9585a062c96
  depends:
  - __osx >=11.0
  constrains:
  - expat 2.6.3.*
  license: MIT
  license_family: MIT
  size: 63895
  timestamp: 1725568783033
- kind: conda
  name: libffi
  version: 3.4.2
  build: h3422bc3_5
  build_number: 5
  subdir: osx-arm64
  url: https://conda.anaconda.org/conda-forge/osx-arm64/libffi-3.4.2-h3422bc3_5.tar.bz2
  sha256: 41b3d13efb775e340e4dba549ab5c029611ea6918703096b2eaa9c015c0750ca
  md5: 086914b672be056eb70fd4285b6783b6
  license: MIT
  license_family: MIT
  size: 39020
  timestamp: 1636488587153
- kind: conda
  name: libgfortran
  version: 5.0.0
  build: 13_2_0_hd922786_3
  build_number: 3
  subdir: osx-arm64
  url: https://conda.anaconda.org/conda-forge/osx-arm64/libgfortran-5.0.0-13_2_0_hd922786_3.conda
  sha256: 44e541b4821c96b28b27fef5630883a60ce4fee91fd9c79f25a199f8f73f337b
  md5: 4a55d9e169114b2b90d3ec4604cd7bbf
  depends:
  - libgfortran5 13.2.0 hf226fd6_3
  license: GPL-3.0-only WITH GCC-exception-3.1
  license_family: GPL
  size: 110233
  timestamp: 1707330749033
- kind: conda
  name: libgfortran5
  version: 13.2.0
  build: hf226fd6_3
  build_number: 3
  subdir: osx-arm64
  url: https://conda.anaconda.org/conda-forge/osx-arm64/libgfortran5-13.2.0-hf226fd6_3.conda
  sha256: bafc679eedb468a86aa4636061c55966186399ee0a04b605920d208d97ac579a
  md5: 66ac81d54e95c534ae488726c1f698ea
  depends:
  - llvm-openmp >=8.0.0
  constrains:
  - libgfortran 5.0.0 13_2_0_*_3
  license: GPL-3.0-only WITH GCC-exception-3.1
  license_family: GPL
  size: 997381
  timestamp: 1707330687590
- kind: conda
  name: liblapack
  version: 3.9.0
  build: 24_osxarm64_openblas
  build_number: 24
  subdir: osx-arm64
  url: https://conda.anaconda.org/conda-forge/osx-arm64/liblapack-3.9.0-24_osxarm64_openblas.conda
  sha256: 67fbfd0466eee443cda9596ed22daabedc96b7b4d1b31f49b1c1b0983dd1dd2c
  md5: 49a3241f76cdbe705e346204a328f66c
  depends:
  - libblas 3.9.0 24_osxarm64_openblas
  constrains:
  - blas * openblas
  - liblapacke 3.9.0 24_osxarm64_openblas
  - libcblas 3.9.0 24_osxarm64_openblas
  license: BSD-3-Clause
  license_family: BSD
  size: 15063
  timestamp: 1726668815824
- kind: conda
  name: libopenblas
  version: 0.3.27
  build: openmp_h517c56d_1
  build_number: 1
  subdir: osx-arm64
  url: https://conda.anaconda.org/conda-forge/osx-arm64/libopenblas-0.3.27-openmp_h517c56d_1.conda
  sha256: 46cfcc592b5255262f567cd098be3c61da6bca6c24d640e878dc8342b0f6d069
  md5: 71b8a34d70aa567a990162f327e81505
  depends:
  - __osx >=11.0
  - libgfortran 5.*
  - libgfortran5 >=12.3.0
  - llvm-openmp >=16.0.6
  constrains:
  - openblas >=0.3.27,<0.3.28.0a0
  license: BSD-3-Clause
  license_family: BSD
  size: 2925328
  timestamp: 1720425811743
- kind: conda
  name: libsodium
  version: 1.0.20
  build: h99b78c6_0
  subdir: osx-arm64
  url: https://conda.anaconda.org/conda-forge/osx-arm64/libsodium-1.0.20-h99b78c6_0.conda
  sha256: fade8223e1e1004367d7101dd17261003b60aa576df6d7802191f8972f7470b1
  md5: a7ce36e284c5faaf93c220dfc39e3abd
  depends:
  - __osx >=11.0
  license: ISC
  size: 164972
  timestamp: 1716828607917
- kind: conda
  name: libsqlite
  version: 3.46.1
  build: hc14010f_0
  subdir: osx-arm64
  url: https://conda.anaconda.org/conda-forge/osx-arm64/libsqlite-3.46.1-hc14010f_0.conda
  sha256: 3725f962f490c5d44dae326d5f5b2e3c97f71a6322d914ccc85b5ddc2e50d120
  md5: 58050ec1724e58668d0126a1615553fa
  depends:
  - __osx >=11.0
  - libzlib >=1.3.1,<2.0a0
  license: Unlicense
  size: 829500
  timestamp: 1725353720793
- kind: conda
  name: libzlib
  version: 1.3.1
  build: h8359307_2
  build_number: 2
  subdir: osx-arm64
  url: https://conda.anaconda.org/conda-forge/osx-arm64/libzlib-1.3.1-h8359307_2.conda
  sha256: ce34669eadaba351cd54910743e6a2261b67009624dbc7daeeafdef93616711b
  md5: 369964e85dc26bfe78f41399b366c435
  depends:
  - __osx >=11.0
  constrains:
  - zlib 1.3.1 *_2
  license: Zlib
  license_family: Other
  size: 46438
  timestamp: 1727963202283
- kind: conda
  name: llvm-openmp
  version: 19.1.1
  build: hb52a8e5_1
  build_number: 1
  subdir: osx-arm64
  url: https://conda.anaconda.org/conda-forge/osx-arm64/llvm-openmp-19.1.1-hb52a8e5_1.conda
  sha256: bac90d68cd6a1b5f0ae21e900715d425b02a3be8f6199a5e2dbcb126d8525a6e
  md5: 6eab363cb011e739cf6f3bb92b763525
  depends:
  - __osx >=11.0
  constrains:
  - openmp 19.1.1|19.1.1.*
  license: Apache-2.0 WITH LLVM-exception
  license_family: APACHE
  size: 280001
  timestamp: 1728961638301
- kind: conda
  name: matplotlib-inline
  version: 0.1.7
  build: pyhd8ed1ab_0
  subdir: noarch
  noarch: python
  url: https://conda.anaconda.org/conda-forge/noarch/matplotlib-inline-0.1.7-pyhd8ed1ab_0.conda
  sha256: 7ea68676ea35fbb095420bbcc1c82c4767b8be7bb56abb6989b7f89d957a3bab
  md5: 779345c95648be40d22aaa89de7d4254
  depends:
  - python >=3.6
  - traitlets
  license: BSD-3-Clause
  license_family: BSD
  size: 14599
  timestamp: 1713250613726
- kind: conda
  name: max
  version: 24.5.0
  build: release
  subdir: noarch
  noarch: python
  url: https://conda.modular.com/max/noarch/max-24.5.0-release.conda
  sha256: 3050d7885a304944afbf93ca9786e56e6df20f0685e1705f88fab045fb5aae70
  md5: 662a61803cd141e857d3b9f821c7bd66
  depends:
  - max-core ==24.5.0 release
  - max-python >=24.5.0,<25.0a0
  - mojo-jupyter ==24.5.0 release
  - mblack ==24.5.0 release
  size: 9642
  timestamp: 1726172475909
- kind: conda
  name: max-core
  version: 24.5.0
  build: release
  subdir: osx-arm64
  url: https://conda.modular.com/max/osx-arm64/max-core-24.5.0-release.conda
  sha256: 8848071dde1f98a4da8e39c90f9210098e7c3c4aaddd0e2255fd9fe1f01df0b7
  md5: fba502bf5142da57735a593ccf35a255
  depends:
  - mblack ==24.5.0 release
  arch: arm64
  platform: osx
  size: 244231803
  timestamp: 1726175523753
- kind: conda
  name: max-python
  version: 24.5.0
  build: 3.12release
  subdir: osx-arm64
  url: https://conda.modular.com/max/osx-arm64/max-python-24.5.0-3.12release.conda
  sha256: e6cdd0477236d49d4f6586d4a66ffe1c5e5cb188535a8ec09ed742eda12cbf5f
  md5: f33d8f4cc5c17d893fdb5d6e162c08c6
  depends:
  - max-core ==24.5.0 release
  - python 3.12.*
  - numpy >=1.18,<2.0
  - python_abi 3.12.* *_cp312
  arch: arm64
  platform: osx
  size: 125388933
  timestamp: 1726175523755
- kind: conda
  name: mblack
  version: 24.5.0
  build: release
  subdir: noarch
  noarch: python
  url: https://conda.modular.com/max/noarch/mblack-24.5.0-release.conda
  sha256: 913881fc3aa19db447ed82e898f261a413be9129dc43b9ea600e06030f76dbd5
  md5: 2bc6ce9f257235686dc1b2509cc7198d
  depends:
  - python >=3.9,<3.13
  - click >=8.0.0
  - mypy_extensions >=0.4.3
  - packaging >=22.0
  - pathspec >=0.9.0
  - platformdirs >=2
  - python
  license: MIT
  size: 130435
  timestamp: 1726172475910
- kind: conda
  name: mojo-jupyter
  version: 24.5.0
  build: release
  subdir: noarch
  noarch: python
  url: https://conda.modular.com/max/noarch/mojo-jupyter-24.5.0-release.conda
  sha256: dff2e857eae32ce92fde12a712756d647f0aa312aeb5d79b350b2acbc71a2f96
  md5: 3b7be5cbff5b8015b095e950506be4b3
  depends:
  - max-core ==24.5.0 release
  - python >=3.9,<3.13
  - jupyter_client >=8.6.2,<8.7
  - python
  size: 21595
  timestamp: 1726172475911
- kind: conda
  name: mypy_extensions
  version: 1.0.0
  build: pyha770c72_0
  subdir: noarch
  noarch: python
  url: https://conda.anaconda.org/conda-forge/noarch/mypy_extensions-1.0.0-pyha770c72_0.conda
  sha256: f240217476e148e825420c6bc3a0c0efb08c0718b7042fae960400c02af858a3
  md5: 4eccaeba205f0aed9ac3a9ea58568ca3
  depends:
  - python >=3.5
  license: MIT
  license_family: MIT
  size: 10492
  timestamp: 1675543414256
- kind: conda
  name: ncurses
  version: '6.5'
  build: h7bae524_1
  build_number: 1
  subdir: osx-arm64
  url: https://conda.anaconda.org/conda-forge/osx-arm64/ncurses-6.5-h7bae524_1.conda
  sha256: 27d0b9ff78ad46e1f3a6c96c479ab44beda5f96def88e2fe626e0a49429d8afc
  md5: cb2b0ea909b97b3d70cd3921d1445e1a
  depends:
  - __osx >=11.0
  license: X11 AND BSD-3-Clause
  size: 802321
  timestamp: 1724658775723
- kind: conda
  name: nest-asyncio
  version: 1.6.0
  build: pyhd8ed1ab_0
  subdir: noarch
  noarch: python
  url: https://conda.anaconda.org/conda-forge/noarch/nest-asyncio-1.6.0-pyhd8ed1ab_0.conda
  sha256: 30db21d1f7e59b3408b831a7e0417b83b53ee6223afae56482c5f26da3ceb49a
  md5: 6598c056f64dc8800d40add25e4e2c34
  depends:
  - python >=3.5
  license: BSD-2-Clause
  license_family: BSD
  size: 11638
  timestamp: 1705850780510
- kind: conda
  name: numpy
  version: 1.26.4
  build: py312h8442bc7_0
  subdir: osx-arm64
  url: https://conda.anaconda.org/conda-forge/osx-arm64/numpy-1.26.4-py312h8442bc7_0.conda
  sha256: c8841d6d6f61fd70ca80682efbab6bdb8606dc77c68d8acabfbd7c222054f518
  md5: d83fc83d589e2625a3451c9a7e21047c
  depends:
  - libblas >=3.9.0,<4.0a0
  - libcblas >=3.9.0,<4.0a0
  - libcxx >=16
  - liblapack >=3.9.0,<4.0a0
  - python >=3.12,<3.13.0a0
  - python >=3.12,<3.13.0a0 *_cpython
  - python_abi 3.12.* *_cp312
  constrains:
  - numpy-base <0a0
  license: BSD-3-Clause
  license_family: BSD
  size: 6073136
  timestamp: 1707226249608
- kind: conda
  name: openssl
  version: 3.3.2
  build: h8359307_0
  subdir: osx-arm64
  url: https://conda.anaconda.org/conda-forge/osx-arm64/openssl-3.3.2-h8359307_0.conda
  sha256: 940fa01c4dc6152158fe8943e05e55a1544cab639df0994e3b35937839e4f4d1
  md5: 1773ebccdc13ec603356e8ff1db9e958
  depends:
  - __osx >=11.0
  - ca-certificates
  license: Apache-2.0
  license_family: Apache
  size: 2882450
  timestamp: 1725410638874
- kind: conda
  name: packaging
  version: '24.1'
  build: pyhd8ed1ab_0
  subdir: noarch
  noarch: python
  url: https://conda.anaconda.org/conda-forge/noarch/packaging-24.1-pyhd8ed1ab_0.conda
  sha256: 36aca948219e2c9fdd6d80728bcc657519e02f06c2703d8db3446aec67f51d81
  md5: cbe1bb1f21567018ce595d9c2be0f0db
  depends:
  - python >=3.8
  license: Apache-2.0
  license_family: APACHE
  size: 50290
  timestamp: 1718189540074
- kind: conda
  name: parso
  version: 0.8.4
  build: pyhd8ed1ab_0
  subdir: noarch
  noarch: python
  url: https://conda.anaconda.org/conda-forge/noarch/parso-0.8.4-pyhd8ed1ab_0.conda
  sha256: bfe404eebb930cc41782d34f8fc04c0388ea692eeebe2c5fc28df8ec8d4d61ae
  md5: 81534b420deb77da8833f2289b8d47ac
  depends:
  - python >=3.6
  license: MIT
  license_family: MIT
  size: 75191
  timestamp: 1712320447201
- kind: conda
  name: pathspec
  version: 0.12.1
  build: pyhd8ed1ab_0
  subdir: noarch
  noarch: python
  url: https://conda.anaconda.org/conda-forge/noarch/pathspec-0.12.1-pyhd8ed1ab_0.conda
  sha256: 4e534e66bfe8b1e035d2169d0e5b185450546b17e36764272863e22e0370be4d
  md5: 17064acba08d3686f1135b5ec1b32b12
  depends:
  - python >=3.7
  license: MPL-2.0
  license_family: MOZILLA
  size: 41173
  timestamp: 1702250135032
- kind: conda
  name: pexpect
  version: 4.9.0
  build: pyhd8ed1ab_0
  subdir: noarch
  noarch: python
  url: https://conda.anaconda.org/conda-forge/noarch/pexpect-4.9.0-pyhd8ed1ab_0.conda
  sha256: 90a09d134a4a43911b716d4d6eb9d169238aff2349056f7323d9db613812667e
  md5: 629f3203c99b32e0988910c93e77f3b6
  depends:
  - ptyprocess >=0.5
  - python >=3.7
  license: ISC
  size: 53600
  timestamp: 1706113273252
- kind: conda
  name: pickleshare
  version: 0.7.5
  build: py_1003
  build_number: 1003
  subdir: noarch
  noarch: python
  url: https://conda.anaconda.org/conda-forge/noarch/pickleshare-0.7.5-py_1003.tar.bz2
  sha256: a1ed1a094dd0d1b94a09ed85c283a0eb28943f2e6f22161fb45e128d35229738
  md5: 415f0ebb6198cc2801c73438a9fb5761
  depends:
  - python >=3
  license: MIT
  license_family: MIT
  size: 9332
  timestamp: 1602536313357
- kind: conda
  name: platformdirs
  version: 4.3.6
  build: pyhd8ed1ab_0
  subdir: noarch
  noarch: python
  url: https://conda.anaconda.org/conda-forge/noarch/platformdirs-4.3.6-pyhd8ed1ab_0.conda
  sha256: c81bdeadc4adcda216b2c7b373f0335f5c78cc480d1d55d10f21823590d7e46f
  md5: fd8f2b18b65bbf62e8f653100690c8d2
  depends:
  - python >=3.8
  license: MIT
  license_family: MIT
  size: 20625
  timestamp: 1726613611845
- kind: conda
  name: prompt-toolkit
  version: 3.0.48
  build: pyha770c72_0
  subdir: noarch
  noarch: python
  url: https://conda.anaconda.org/conda-forge/noarch/prompt-toolkit-3.0.48-pyha770c72_0.conda
  sha256: 44e4e6108d425a666856a52d1523e5d70890256a8920bb0dcd3d55cc750f3207
  md5: 4c05134c48b6a74f33bbb9938e4a115e
  depends:
  - python >=3.7
  - wcwidth
  constrains:
  - prompt_toolkit 3.0.48
  license: BSD-3-Clause
  license_family: BSD
  size: 270271
  timestamp: 1727341744544
- kind: conda
  name: psutil
  version: 6.0.0
  build: py312h0bf5046_2
  build_number: 2
  subdir: osx-arm64
  url: https://conda.anaconda.org/conda-forge/osx-arm64/psutil-6.0.0-py312h0bf5046_2.conda
  sha256: 5508c7360ebcc4fef19cd1dfba634ee21ecf46bf68ac63230b31585573153ac2
  md5: b315625a0233daf1d34f9f82896ab932
  depends:
  - __osx >=11.0
  - python >=3.12,<3.13.0a0
  - python >=3.12,<3.13.0a0 *_cpython
  - python_abi 3.12.* *_cp312
  license: BSD-3-Clause
  license_family: BSD
  size: 498462
  timestamp: 1728965387537
- kind: conda
  name: ptyprocess
  version: 0.7.0
  build: pyhd3deb0d_0
  subdir: noarch
  noarch: python
  url: https://conda.anaconda.org/conda-forge/noarch/ptyprocess-0.7.0-pyhd3deb0d_0.tar.bz2
  sha256: fb31e006a25eb2e18f3440eb8d17be44c8ccfae559499199f73584566d0a444a
  md5: 359eeb6536da0e687af562ed265ec263
  depends:
  - python
  license: ISC
  size: 16546
  timestamp: 1609419417991
- kind: conda
  name: pure_eval
  version: 0.2.3
  build: pyhd8ed1ab_0
  subdir: noarch
  noarch: python
  url: https://conda.anaconda.org/conda-forge/noarch/pure_eval-0.2.3-pyhd8ed1ab_0.conda
  sha256: dcfcb3cee1ae0a89729601582cc3edea20ba13c9493967a03a693c67567af0c8
  md5: 0f051f09d992e0d08941706ad519ee0e
  depends:
  - python >=3.5
  license: MIT
  license_family: MIT
  size: 16551
  timestamp: 1721585805256
- kind: conda
  name: pygments
  version: 2.18.0
  build: pyhd8ed1ab_0
  subdir: noarch
  noarch: python
  url: https://conda.anaconda.org/conda-forge/noarch/pygments-2.18.0-pyhd8ed1ab_0.conda
  sha256: 78267adf4e76d0d64ea2ffab008c501156c108bb08fecb703816fb63e279780b
  md5: b7f5c092b8f9800150d998a71b76d5a1
  depends:
  - python >=3.8
  license: BSD-2-Clause
  license_family: BSD
  size: 879295
  timestamp: 1714846885370
- kind: conda
  name: python
  version: 3.12.7
  build: h739c21a_0_cpython
  subdir: osx-arm64
  url: https://conda.anaconda.org/conda-forge/osx-arm64/python-3.12.7-h739c21a_0_cpython.conda
  sha256: 45d7ca2074aa92594bd2f91a9003b338cc1df8a46b9492b7fc8167110783c3ef
  md5: e0d82e57ebb456077565e6d82cd4a323
  depends:
  - __osx >=11.0
  - bzip2 >=1.0.8,<2.0a0
  - libexpat >=2.6.3,<3.0a0
  - libffi >=3.4,<4.0a0
  - libsqlite >=3.46.1,<4.0a0
  - libzlib >=1.3.1,<2.0a0
  - ncurses >=6.5,<7.0a0
  - openssl >=3.3.2,<4.0a0
  - readline >=8.2,<9.0a0
  - tk >=8.6.13,<8.7.0a0
  - tzdata
  - xz >=5.2.6,<6.0a0
  constrains:
  - python_abi 3.12.* *_cp312
  license: Python-2.0
  size: 12975439
  timestamp: 1728057819519
- kind: conda
  name: python-dateutil
  version: 2.9.0
  build: pyhd8ed1ab_0
  subdir: noarch
  noarch: python
  url: https://conda.anaconda.org/conda-forge/noarch/python-dateutil-2.9.0-pyhd8ed1ab_0.conda
  sha256: f3ceef02ac164a8d3a080d0d32f8e2ebe10dd29e3a685d240e38b3599e146320
  md5: 2cf4264fffb9e6eff6031c5b6884d61c
  depends:
  - python >=3.7
  - six >=1.5
  license: Apache-2.0
  license_family: APACHE
  size: 222742
  timestamp: 1709299922152
- kind: conda
  name: python_abi
  version: '3.12'
  build: 5_cp312
  build_number: 5
  subdir: osx-arm64
  url: https://conda.anaconda.org/conda-forge/osx-arm64/python_abi-3.12-5_cp312.conda
  sha256: 49d624e4b809c799d2bf257b22c23cf3fc4460f5570d9a58e7ad86350aeaa1f4
  md5: b76f9b1c862128e56ac7aa8cd2333de9
  constrains:
  - python 3.12.* *_cpython
  license: BSD-3-Clause
  license_family: BSD
  size: 6278
  timestamp: 1723823099686
- kind: conda
  name: pyzmq
  version: 26.2.0
  build: py312hf8a1cbd_3
  build_number: 3
  subdir: osx-arm64
  url: https://conda.anaconda.org/conda-forge/osx-arm64/pyzmq-26.2.0-py312hf8a1cbd_3.conda
  sha256: 2e0ca1bb9ab3af5d1f9b38548d65be7097ba0246e7e63c908c9b1323df3f45b5
  md5: 7bdaa4c2a84b744ef26c8b2ba65c3d0e
  depends:
  - __osx >=11.0
  - libcxx >=17
  - libsodium >=1.0.20,<1.0.21.0a0
  - python >=3.12,<3.13.0a0
  - python >=3.12,<3.13.0a0 *_cpython
  - python_abi 3.12.* *_cp312
  - zeromq >=4.3.5,<4.4.0a0
  license: BSD-3-Clause
  license_family: BSD
  size: 361674
  timestamp: 1728642457661
- kind: conda
  name: rapidfuzz
  version: 3.10.0
  build: py312hde4cb15_0
  subdir: osx-arm64
  url: https://conda.anaconda.org/conda-forge/osx-arm64/rapidfuzz-3.10.0-py312hde4cb15_0.conda
  sha256: 69f88361fb8d0979c6e1c975c6a45cbca64dd3f58c0ee8c02b49ed0c4fab6d2e
  md5: 99a23b01c70421cd633105b9922fdfc3
  depends:
  - __osx >=11.0
  - libcxx >=17
  - numpy
  - python >=3.12,<3.13.0a0
  - python >=3.12,<3.13.0a0 *_cpython
  - python_abi 3.12.* *_cp312
  license: MIT
  license_family: MIT
  size: 766602
  timestamp: 1727102851752
- kind: conda
  name: readline
  version: '8.2'
  build: h92ec313_1
  build_number: 1
  subdir: osx-arm64
  url: https://conda.anaconda.org/conda-forge/osx-arm64/readline-8.2-h92ec313_1.conda
  sha256: a1dfa679ac3f6007362386576a704ad2d0d7a02e98f5d0b115f207a2da63e884
  md5: 8cbb776a2f641b943d413b3e19df71f4
  depends:
  - ncurses >=6.3,<7.0a0
  license: GPL-3.0-only
  license_family: GPL
  size: 250351
  timestamp: 1679532511311
- kind: conda
  name: six
  version: 1.16.0
  build: pyh6c4a22f_0
  subdir: noarch
  noarch: python
  url: https://conda.anaconda.org/conda-forge/noarch/six-1.16.0-pyh6c4a22f_0.tar.bz2
  sha256: a85c38227b446f42c5b90d9b642f2c0567880c15d72492d8da074a59c8f91dd6
  md5: e5f25f8dbc060e9a8d912e432202afc2
  depends:
  - python
  license: MIT
  license_family: MIT
  size: 14259
  timestamp: 1620240338595
- kind: conda
  name: stack_data
  version: 0.6.2
  build: pyhd8ed1ab_0
  subdir: noarch
  noarch: python
  url: https://conda.anaconda.org/conda-forge/noarch/stack_data-0.6.2-pyhd8ed1ab_0.conda
  sha256: a58433e75229bec39f3be50c02efbe9b7083e53a1f31d8ee247564f370191eec
  md5: e7df0fdd404616638df5ece6e69ba7af
  depends:
  - asttokens
  - executing
  - pure_eval
  - python >=3.5
  license: MIT
  license_family: MIT
  size: 26205
  timestamp: 1669632203115
- kind: conda
  name: tk
  version: 8.6.13
  build: h5083fa2_1
  build_number: 1
  subdir: osx-arm64
  url: https://conda.anaconda.org/conda-forge/osx-arm64/tk-8.6.13-h5083fa2_1.conda
  sha256: 72457ad031b4c048e5891f3f6cb27a53cb479db68a52d965f796910e71a403a8
  md5: b50a57ba89c32b62428b71a875291c9b
  depends:
  - libzlib >=1.2.13,<2.0.0a0
  license: TCL
  license_family: BSD
  size: 3145523
  timestamp: 1699202432999
- kind: conda
  name: tornado
  version: 6.4.1
  build: py312h024a12e_1
  build_number: 1
  subdir: osx-arm64
  url: https://conda.anaconda.org/conda-forge/osx-arm64/tornado-6.4.1-py312h024a12e_1.conda
  sha256: 5eefede1d8a2f55892bc582dbcb574b1806f19bc1e3939ce56b79721b9406db7
  md5: 967bc97bb9e258993289546479af971f
  depends:
  - __osx >=11.0
  - python >=3.12,<3.13.0a0
  - python >=3.12,<3.13.0a0 *_cpython
  - python_abi 3.12.* *_cp312
  license: Apache-2.0
  license_family: Apache
  size: 841722
  timestamp: 1724956439106
- kind: conda
  name: traitlets
  version: 5.14.3
  build: pyhd8ed1ab_0
  subdir: noarch
  noarch: python
  url: https://conda.anaconda.org/conda-forge/noarch/traitlets-5.14.3-pyhd8ed1ab_0.conda
  sha256: 8a64fa0f19022828513667c2c7176cfd125001f3f4b9bc00d33732e627dd2592
  md5: 3df84416a021220d8b5700c613af2dc5
  depends:
  - python >=3.8
  license: BSD-3-Clause
  license_family: BSD
  size: 110187
  timestamp: 1713535244513
- kind: conda
  name: typing_extensions
  version: 4.12.2
  build: pyha770c72_0
  subdir: noarch
  noarch: python
  url: https://conda.anaconda.org/conda-forge/noarch/typing_extensions-4.12.2-pyha770c72_0.conda
  sha256: 0fce54f8ec3e59f5ef3bb7641863be4e1bf1279623e5af3d3fa726e8f7628ddb
  md5: ebe6952715e1d5eb567eeebf25250fa7
  depends:
  - python >=3.8
  license: PSF-2.0
  license_family: PSF
  size: 39888
  timestamp: 1717802653893
- kind: conda
  name: tzdata
  version: 2024b
  build: hc8b5060_0
  subdir: noarch
  noarch: generic
  url: https://conda.anaconda.org/conda-forge/noarch/tzdata-2024b-hc8b5060_0.conda
  sha256: 4fde5c3008bf5d2db82f2b50204464314cc3c91c1d953652f7bd01d9e52aefdf
  md5: 8ac3367aafb1cc0a068483c580af8015
  license: LicenseRef-Public-Domain
  size: 122354
  timestamp: 1728047496079
- kind: conda
  name: wcwidth
  version: 0.2.13
  build: pyhd8ed1ab_0
  subdir: noarch
  noarch: python
  url: https://conda.anaconda.org/conda-forge/noarch/wcwidth-0.2.13-pyhd8ed1ab_0.conda
  sha256: b6cd2fee7e728e620ec736d8dfee29c6c9e2adbd4e695a31f1d8f834a83e57e3
  md5: 68f0738df502a14213624b288c60c9ad
  depends:
  - python >=3.8
  license: MIT
  license_family: MIT
  size: 32709
  timestamp: 1704731373922
- kind: conda
  name: xz
  version: 5.2.6
  build: h57fd34a_0
  subdir: osx-arm64
  url: https://conda.anaconda.org/conda-forge/osx-arm64/xz-5.2.6-h57fd34a_0.tar.bz2
  sha256: 59d78af0c3e071021cfe82dc40134c19dab8cdf804324b62940f5c8cd71803ec
  md5: 39c6b54e94014701dd157f4f576ed211
  license: LGPL-2.1 and GPL-2.0
  size: 235693
  timestamp: 1660346961024
- kind: conda
  name: zeromq
  version: 4.3.5
  build: h9f5b81c_6
  build_number: 6
  subdir: osx-arm64
  url: https://conda.anaconda.org/conda-forge/osx-arm64/zeromq-4.3.5-h9f5b81c_6.conda
  sha256: 5c5061c976141eccbbb2aec21483ddd10fd1df4fd9bcf638e3fd57b2bd85721f
  md5: 84121ef1717cdfbecedeae70142706cc
  depends:
  - __osx >=11.0
  - krb5 >=1.21.3,<1.22.0a0
  - libcxx >=17
  - libsodium >=1.0.20,<1.0.21.0a0
  license: MPL-2.0
  license_family: MOZILLA
  size: 280870
  timestamp: 1728363954972
- kind: conda
  name: zipp
  version: 3.20.2
  build: pyhd8ed1ab_0
  subdir: noarch
  noarch: python
  url: https://conda.anaconda.org/conda-forge/noarch/zipp-3.20.2-pyhd8ed1ab_0.conda
  sha256: 1e84fcfa41e0afdd87ff41e6fbb719c96a0e098c1f79be342293ab0bd8dea322
  md5: 4daaed111c05672ae669f7036ee5bba3
  depends:
  - python >=3.8
  license: MIT
  license_family: MIT
  size: 21409
  timestamp: 1726248679175
